
Microsoft Visual Studio Solution File, Format Version 12.00
# Visual Studio 15
VisualStudioVersion = 15.0.26730.16
MinimumVisualStudioVersion = 10.0.40219.1
Project("{FAE04EC0-301F-11D3-BF4B-00C04F79EFBC}") = "Banking", "Banking\Banking.csproj", "{97F79DC1-698C-4927-B047-BF5449BA7D91}"
EndProject
Project("{FAE04EC0-301F-11D3-BF4B-00C04F79EFBC}") = "BankingUnitTest", "BankingUnitTest\BankingUnitTest.csproj", "{7131F0CD-5CE0-474D-A2E1-DD428A768152}"
EndProject
Project("{FAE04EC0-301F-11D3-BF4B-00C04F79EFBC}") = "BankingGUI", "BankingGUI\BankingGUI.csproj", "{C42608A2-D2C4-4CA0-BB0E-36D6DDC2F448}"
EndProject
Global
	GlobalSection(SolutionConfigurationPlatforms) = preSolution
		Debug|Any CPU = Debug|Any CPU
		Release|Any CPU = Release|Any CPU
	EndGlobalSection
	GlobalSection(ProjectConfigurationPlatforms) = postSolution
		{97F79DC1-698C-4927-B047-BF5449BA7D91}.Debug|Any CPU.ActiveCfg = Debug|Any CPU
		{97F79DC1-698C-4927-B047-BF5449BA7D91}.Debug|Any CPU.Build.0 = Debug|Any CPU
		{97F79DC1-698C-4927-B047-BF5449BA7D91}.Release|Any CPU.ActiveCfg = Release|Any CPU
		{97F79DC1-698C-4927-B047-BF5449BA7D91}.Release|Any CPU.Build.0 = Release|Any CPU
		{7131F0CD-5CE0-474D-A2E1-DD428A768152}.Debug|Any CPU.ActiveCfg = Debug|Any CPU
		{7131F0CD-5CE0-474D-A2E1-DD428A768152}.Debug|Any CPU.Build.0 = Debug|Any CPU
		{7131F0CD-5CE0-474D-A2E1-DD428A768152}.Release|Any CPU.ActiveCfg = Release|Any CPU
		{7131F0CD-5CE0-474D-A2E1-DD428A768152}.Release|Any CPU.Build.0 = Release|Any CPU
		{C42608A2-D2C4-4CA0-BB0E-36D6DDC2F448}.Debug|Any CPU.ActiveCfg = Debug|Any CPU
		{C42608A2-D2C4-4CA0-BB0E-36D6DDC2F448}.Debug|Any CPU.Build.0 = Debug|Any CPU
		{C42608A2-D2C4-4CA0-BB0E-36D6DDC2F448}.Release|Any CPU.ActiveCfg = Release|Any CPU
		{C42608A2-D2C4-4CA0-BB0E-36D6DDC2F448}.Release|Any CPU.Build.0 = Release|Any CPU
	EndGlobalSection
	GlobalSection(SolutionProperties) = preSolution
		HideSolutionNode = FALSE
	EndGlobalSection
	GlobalSection(ExtensibilityGlobals) = postSolution
		SolutionGuid = {2CC14533-675E-4445-AD00-F059DB98DAF7}
	EndGlobalSection
EndGlobal
